
Microsoft Visual Studio Solution File, Format Version 12.00
# Visual Studio Version 16
VisualStudioVersion = 16.0.31702.278
MinimumVisualStudioVersion = 10.0.40219.1
Project("{FAE04EC0-301F-11D3-BF4B-00C04F79EFBC}") = "IICSharp", "IICSharp\IICSharp.csproj", "{66C14E45-4679-4DCB-B52D-22A871F8958B}"
EndProject
Global
	GlobalSection(SolutionConfigurationPlatforms) = preSolution
		Debug|Any CPU = Debug|Any CPU
		Release|Any CPU = Release|Any CPU
	EndGlobalSection
	GlobalSection(ProjectConfigurationPlatforms) = postSolution
		{66C14E45-4679-4DCB-B52D-22A871F8958B}.Debug|Any CPU.ActiveCfg = Debug|Any CPU
		{66C14E45-4679-4DCB-B52D-22A871F8958B}.Debug|Any CPU.Build.0 = Debug|Any CPU
		{66C14E45-4679-4DCB-B52D-22A871F8958B}.Release|Any CPU.ActiveCfg = Release|Any CPU
		{66C14E45-4679-4DCB-B52D-22A871F8958B}.Release|Any CPU.Build.0 = Release|Any CPU
	EndGlobalSection
	GlobalSection(SolutionProperties) = preSolution
		HideSolutionNode = FALSE
	EndGlobalSection
	GlobalSection(ExtensibilityGlobals) = postSolution
		SolutionGuid = {43AC5984-D93C-4EB9-995B-5CB4BE68C441}
	EndGlobalSection
EndGlobal
